PODS:
  - ChameleonFramework (2.1.0):
    - ChameleonFramework/Default (= 2.1.0)
  - ChameleonFramework/Default (2.1.0)
  - "NSObject+Rx (5.1.0)":
    - RxSwift (~> 5.1)
  - RxCocoa (5.1.1):
    - RxRelay (~> 5)
    - RxSwift (~> 5)
  - RxRelay (5.1.1):
    - RxSwift (~> 5)
  - RxSwift (5.1.1)

DEPENDENCIES:
  - ChameleonFramework
  - "NSObject+Rx"
  - RxCocoa
  - RxSwift

SPEC REPOS:
  trunk:
    - ChameleonFramework
    - "NSObject+Rx"
    - RxCocoa
    - RxRelay
    - RxSwift

SPEC CHECKSUMS:
  ChameleonFramework: d21a3cc247abfe5e37609a283a8238b03575cf64
  "NSObject+Rx": fa6bbcc1ab1faa06b01466bc09b1e0692bbc5946
  RxCocoa: 32065309a38d29b5b0db858819b5bf9ef038b601
  RxRelay: d77f7d771495f43c556cbc43eebd1bb54d01e8e9
  RxSwift: 81470a2074fa8780320ea5fe4102807cb7118178

PODFILE CHECKSUM: 8717edcbf2dd843035b490de724db9c1cca93f59

COCOAPODS: 1.10.0
